
Microsoft Visual Studio Solution File, Format Version 12.00
# Visual Studio Version 16
VisualStudioVersion = 16.0.31515.178
MinimumVisualStudioVersion = 10.0.40219.1
Project("{888888A0-9F3D-457C-B088-3A5042F75D52}") = "StringsAndDates", "StringsAndDates.pyproj", "{9685C813-F0CF-448B-9BE4-7DD3836AAB01}"
EndProject
Global
	GlobalSection(SolutionConfigurationPlatforms) = preSolution
		Debug|Any CPU = Debug|Any CPU
		Release|Any CPU = Release|Any CPU
	EndGlobalSection
	GlobalSection(ProjectConfigurationPlatforms) = postSolution
		{9685C813-F0CF-448B-9BE4-7DD3836AAB01}.Debug|Any CPU.ActiveCfg = Debug|Any CPU
		{9685C813-F0CF-448B-9BE4-7DD3836AAB01}.Release|Any CPU.ActiveCfg = Release|Any CPU
	EndGlobalSection
	GlobalSection(SolutionProperties) = preSolution
		HideSolutionNode = FALSE
	EndGlobalSection
	GlobalSection(ExtensibilityGlobals) = postSolution
		SolutionGuid = {7AA9BEB7-6089-4796-BF85-56E31CB4AF59}
	EndGlobalSection
EndGlobal
